
Microsoft Visual Studio Solution File, Format Version 12.00
# Visual Studio Version 16
VisualStudioVersion = 16.0.28803.352
MinimumVisualStudioVersion = 10.0.40219.1
Project("{FAE04EC0-301F-11D3-BF4B-00C04F79EFBC}") = "VolumeCalculator", "VolumeCalculator\VolumeCalculator.csproj", "{08B98C3A-C054-464C-9594-F4EB7F7B2333}"
	ProjectSection(ProjectDependencies) = postProject
		{90C0CC4F-E7D1-4A68-801B-FA4BDFC4A55B} = {90C0CC4F-E7D1-4A68-801B-FA4BDFC4A55B}
		{EB8889AF-FD13-4D2E-8FFC-71FE18D237BB} = {EB8889AF-FD13-4D2E-8FFC-71FE18D237BB}
		{F9973DC5-0D7C-4805-A622-E99492CD3714} = {F9973DC5-0D7C-4805-A622-E99492CD3714}
		{0AF4FDDC-71DE-4BA6-9543-D8D78AECD84D} = {0AF4FDDC-71DE-4BA6-9543-D8D78AECD84D}
	EndProjectSection
EndProject
Project("{FAE04EC0-301F-11D3-BF4B-00C04F79EFBC}") = "VCConfigurator", "VCConfigurator\VCConfigurator.csproj", "{531B0C63-A397-4BC0-9BA3-6F35B440FDE4}"
EndProject
Project("{8BC9CEB8-8B4A-11D0-8D11-00A0C91BC942}") = "D435FrameProvider", "D435FrameProvider\D435FrameProvider.vcxproj", "{0AF4FDDC-71DE-4BA6-9543-D8D78AECD84D}"
EndProject
Project("{FAE04EC0-301F-11D3-BF4B-00C04F79EFBC}") = "FrameProviders", "FrameProviders\FrameProviders.csproj", "{F9973DC5-0D7C-4805-A622-E99492CD3714}"
	ProjectSection(ProjectDependencies) = postProject
		{90C0CC4F-E7D1-4A68-801B-FA4BDFC4A55B} = {90C0CC4F-E7D1-4A68-801B-FA4BDFC4A55B}
		{0AF4FDDC-71DE-4BA6-9543-D8D78AECD84D} = {0AF4FDDC-71DE-4BA6-9543-D8D78AECD84D}
	EndProjectSection
EndProject
Project("{FAE04EC0-301F-11D3-BF4B-00C04F79EFBC}") = "Primitives", "Primitives\Primitives.csproj", "{90C0CC4F-E7D1-4A68-801B-FA4BDFC4A55B}"
EndProject
Project("{8BC9CEB8-8B4A-11D0-8D11-00A0C91BC942}") = "DepthMapProcessor", "DepthMapProcessor\DepthMapProcessor.vcxproj", "{EB8889AF-FD13-4D2E-8FFC-71FE18D237BB}"
EndProject
Project("{2150E333-8FDC-42A3-9474-1A3956D46DE8}") = "Tests", "Tests", "{6AF5FFB4-9230-437F-B802-E0122EB628D3}"
EndProject
Project("{8BC9CEB8-8B4A-11D0-8D11-00A0C91BC942}") = "DepthMapProcessorTests", "Tests\DepthMapProcessorTests\DepthMapProcessorTests.vcxproj", "{00177CBE-E05E-42BB-8155-BE5F82EAC285}"
	ProjectSection(ProjectDependencies) = postProject
		{EB8889AF-FD13-4D2E-8FFC-71FE18D237BB} = {EB8889AF-FD13-4D2E-8FFC-71FE18D237BB}
	EndProjectSection
EndProject
Project("{FAE04EC0-301F-11D3-BF4B-00C04F79EFBC}") = "VolumeCalculatorTests", "Tests\VolumeCalculatorTests\VolumeCalculatorTests.csproj", "{4EBE3F89-1320-4565-8F28-C9B6AB9C0797}"
EndProject
Project("{FAE04EC0-301F-11D3-BF4B-00C04F79EFBC}") = "VolumeCalculationRunner", "Tests\VolumeCalculationRunner\VolumeCalculationRunner.csproj", "{6F312ABD-BCA5-4F2D-A5CE-BACCE2A47EDE}"
EndProject
Project("{FAE04EC0-301F-11D3-BF4B-00C04F79EFBC}") = "DeviceIntegration", "DeviceIntegration\DeviceIntegration.csproj", "{508AFE7E-B27B-4245-8FE3-A04944678115}"
EndProject
Project("{FAE04EC0-301F-11D3-BF4B-00C04F79EFBC}") = "FrameProcessor", "FrameProcessor\FrameProcessor.csproj", "{B824300E-8FF0-4DD7-BD9D-1483E86025D4}"
EndProject
Project("{FAE04EC0-301F-11D3-BF4B-00C04F79EFBC}") = "ExtIntegration", "ExtIntegration\ExtIntegration.csproj", "{847C984F-67EB-4391-89C3-E70671DB5570}"
EndProject
Project("{2150E333-8FDC-42A3-9474-1A3956D46DE8}") = "Utils", "Utils", "{6662A328-9321-4460-B32A-D8D20A42541C}"
EndProject
Project("{FAE04EC0-301F-11D3-BF4B-00C04F79EFBC}") = "VersionWriter", "Utils\VersionWriter\VersionWriter.csproj", "{AE0BF620-EE8F-41C6-B981-7D342FD2EC3B}"
EndProject
Project("{FAE04EC0-301F-11D3-BF4B-00C04F79EFBC}") = "MReader", "Utils\MReader\MReader.csproj", "{846AD7C7-DBAC-4185-8DEB-FCD51E0F10BB}"
EndProject
Project("{FAE04EC0-301F-11D3-BF4B-00C04F79EFBC}") = "WmsEmulator", "Utils\WmsEmulator\WmsEmulator.csproj", "{16A200EE-28EC-4F21-BC3E-6D55CC1C9326}"
EndProject
Project("{FAE04EC0-301F-11D3-BF4B-00C04F79EFBC}") = "ProcessingUtils", "ProcessingUtils\ProcessingUtils.csproj", "{7F073083-EEC1-4AB9-8B4B-E68C944715A3}"
EndProject
Project("{FAE04EC0-301F-11D3-BF4B-00C04F79EFBC}") = "ComTestApp", "Utils\ComTestApp\ComTestApp.csproj", "{49898DC6-FF45-4CD7-84ED-DD92489ADB2D}"
EndProject
Project("{FAE04EC0-301F-11D3-BF4B-00C04F79EFBC}") = "DmConverter", "Utils\DmConverter\DmConverter.csproj", "{4315E45F-35BE-415C-B063-CB1E40028BAA}"
EndProject
Project("{FAE04EC0-301F-11D3-BF4B-00C04F79EFBC}") = "FTPSender", "Utils\FTPSender\FTPSender.csproj", "{26B57ABD-D12E-45E7-9847-BBDCAD1779F7}"
EndProject
Project("{FAE04EC0-301F-11D3-BF4B-00C04F79EFBC}") = "HttpListenerApp", "Utils\HttpListenerApp\HttpListenerApp.csproj", "{6F8E182B-BF60-49F6-8961-844AC116D399}"
EndProject
Project("{FAE04EC0-301F-11D3-BF4B-00C04F79EFBC}") = "HttpSender", "Utils\HttpSender\HttpSender.csproj", "{E3D82B94-87F0-4D2D-AB17-14AE963B5B86}"
EndProject
Project("{FAE04EC0-301F-11D3-BF4B-00C04F79EFBC}") = "WebSocketHandler", "Utils\WebSocketHandler\WebSocketHandler.csproj", "{E19EFE49-A41D-4979-B0E2-20B4618E6A6C}"
EndProject
Project("{FAE04EC0-301F-11D3-BF4B-00C04F79EFBC}") = "HttpService", "Utils\HttpService\HttpService.csproj", "{D3FE0C31-4247-47BB-AD06-A2DE9E3FFB96}"
EndProject
Project("{FAE04EC0-301F-11D3-BF4B-00C04F79EFBC}") = "KeyboardHookTest", "Utils\KeyboardHookTest\KeyboardHookTest.csproj", "{284E3272-FF0A-489A-89C1-A762F4E84E0C}"
EndProject
Project("{FAE04EC0-301F-11D3-BF4B-00C04F79EFBC}") = "ProBuilder", "Utils\ProBuilder\ProBuilder.csproj", "{CCC5644C-967B-455E-BB05-3F6035E5BB73}"
EndProject
Project("{FAE04EC0-301F-11D3-BF4B-00C04F79EFBC}") = "CameraTest", "Utils\CameraTest\CameraTest.csproj", "{BED4B3ED-5072-4D4A-B4D5-BEC986101254}"
EndProject
Project("{FAE04EC0-301F-11D3-BF4B-00C04F79EFBC}") = "SqlSender", "Utils\SqlSender\SqlSender.csproj", "{456CB7CB-E45D-427F-B072-DDB0BF7FED09}"
EndProject
Project("{FAE04EC0-301F-11D3-BF4B-00C04F79EFBC}") = "GuiCommon", "GuiCommon\GuiCommon.csproj", "{9D608412-EDB0-4010-8E90-7E45F0607CC4}"
EndProject
Project("{FAE04EC0-301F-11D3-BF4B-00C04F79EFBC}") = "VCServer", "VCServer\VCServer.csproj", "{B7303E0E-BC1C-4AF6-B253-1B73F18E7C3F}"
EndProject
Global
	GlobalSection(SolutionConfigurationPlatforms) = preSolution
		Debug|x64 = Debug|x64
		Release|x64 = Release|x64
	EndGlobalSection
	GlobalSection(ProjectConfigurationPlatforms) = postSolution
		{08B98C3A-C054-464C-9594-F4EB7F7B2333}.Debug|x64.ActiveCfg = Debug|x64
		{08B98C3A-C054-464C-9594-F4EB7F7B2333}.Debug|x64.Build.0 = Debug|x64
		{08B98C3A-C054-464C-9594-F4EB7F7B2333}.Release|x64.ActiveCfg = Release|x64
		{08B98C3A-C054-464C-9594-F4EB7F7B2333}.Release|x64.Build.0 = Release|x64
		{531B0C63-A397-4BC0-9BA3-6F35B440FDE4}.Debug|x64.ActiveCfg = Debug|x64
		{531B0C63-A397-4BC0-9BA3-6F35B440FDE4}.Debug|x64.Build.0 = Debug|x64
		{531B0C63-A397-4BC0-9BA3-6F35B440FDE4}.Release|x64.ActiveCfg = Release|x64
		{531B0C63-A397-4BC0-9BA3-6F35B440FDE4}.Release|x64.Build.0 = Release|x64
		{0AF4FDDC-71DE-4BA6-9543-D8D78AECD84D}.Debug|x64.ActiveCfg = Debug|x64
		{0AF4FDDC-71DE-4BA6-9543-D8D78AECD84D}.Debug|x64.Build.0 = Debug|x64
		{0AF4FDDC-71DE-4BA6-9543-D8D78AECD84D}.Release|x64.ActiveCfg = Release|x64
		{0AF4FDDC-71DE-4BA6-9543-D8D78AECD84D}.Release|x64.Build.0 = Release|x64
		{F9973DC5-0D7C-4805-A622-E99492CD3714}.Debug|x64.ActiveCfg = Debug|x64
		{F9973DC5-0D7C-4805-A622-E99492CD3714}.Debug|x64.Build.0 = Debug|x64
		{F9973DC5-0D7C-4805-A622-E99492CD3714}.Release|x64.ActiveCfg = Release|x64
		{F9973DC5-0D7C-4805-A622-E99492CD3714}.Release|x64.Build.0 = Release|x64
		{90C0CC4F-E7D1-4A68-801B-FA4BDFC4A55B}.Debug|x64.ActiveCfg = Debug|x64
		{90C0CC4F-E7D1-4A68-801B-FA4BDFC4A55B}.Debug|x64.Build.0 = Debug|x64
		{90C0CC4F-E7D1-4A68-801B-FA4BDFC4A55B}.Release|x64.ActiveCfg = Release|x64
		{90C0CC4F-E7D1-4A68-801B-FA4BDFC4A55B}.Release|x64.Build.0 = Release|x64
		{EB8889AF-FD13-4D2E-8FFC-71FE18D237BB}.Debug|x64.ActiveCfg = Debug|x64
		{EB8889AF-FD13-4D2E-8FFC-71FE18D237BB}.Debug|x64.Build.0 = Debug|x64
		{EB8889AF-FD13-4D2E-8FFC-71FE18D237BB}.Release|x64.ActiveCfg = Release|x64
		{EB8889AF-FD13-4D2E-8FFC-71FE18D237BB}.Release|x64.Build.0 = Release|x64
		{00177CBE-E05E-42BB-8155-BE5F82EAC285}.Debug|x64.ActiveCfg = Debug|x64
		{00177CBE-E05E-42BB-8155-BE5F82EAC285}.Debug|x64.Build.0 = Debug|x64
		{00177CBE-E05E-42BB-8155-BE5F82EAC285}.Release|x64.ActiveCfg = Release|x64
		{00177CBE-E05E-42BB-8155-BE5F82EAC285}.Release|x64.Build.0 = Release|x64
		{4EBE3F89-1320-4565-8F28-C9B6AB9C0797}.Debug|x64.ActiveCfg = Debug|x64
		{4EBE3F89-1320-4565-8F28-C9B6AB9C0797}.Debug|x64.Build.0 = Debug|x64
		{4EBE3F89-1320-4565-8F28-C9B6AB9C0797}.Release|x64.ActiveCfg = Release|x64
		{4EBE3F89-1320-4565-8F28-C9B6AB9C0797}.Release|x64.Build.0 = Release|x64
		{6F312ABD-BCA5-4F2D-A5CE-BACCE2A47EDE}.Debug|x64.ActiveCfg = Debug|x64
		{6F312ABD-BCA5-4F2D-A5CE-BACCE2A47EDE}.Debug|x64.Build.0 = Debug|x64
		{6F312ABD-BCA5-4F2D-A5CE-BACCE2A47EDE}.Release|x64.ActiveCfg = Release|x64
		{6F312ABD-BCA5-4F2D-A5CE-BACCE2A47EDE}.Release|x64.Build.0 = Release|x64
		{508AFE7E-B27B-4245-8FE3-A04944678115}.Debug|x64.ActiveCfg = Debug|x64
		{508AFE7E-B27B-4245-8FE3-A04944678115}.Debug|x64.Build.0 = Debug|x64
		{508AFE7E-B27B-4245-8FE3-A04944678115}.Release|x64.ActiveCfg = Release|x64
		{508AFE7E-B27B-4245-8FE3-A04944678115}.Release|x64.Build.0 = Release|x64
		{B824300E-8FF0-4DD7-BD9D-1483E86025D4}.Debug|x64.ActiveCfg = Debug|x64
		{B824300E-8FF0-4DD7-BD9D-1483E86025D4}.Debug|x64.Build.0 = Debug|x64
		{B824300E-8FF0-4DD7-BD9D-1483E86025D4}.Release|x64.ActiveCfg = Release|x64
		{B824300E-8FF0-4DD7-BD9D-1483E86025D4}.Release|x64.Build.0 = Release|x64
		{847C984F-67EB-4391-89C3-E70671DB5570}.Debug|x64.ActiveCfg = Debug|x64
		{847C984F-67EB-4391-89C3-E70671DB5570}.Debug|x64.Build.0 = Debug|x64
		{847C984F-67EB-4391-89C3-E70671DB5570}.Release|x64.ActiveCfg = Release|x64
		{847C984F-67EB-4391-89C3-E70671DB5570}.Release|x64.Build.0 = Release|x64
		{AE0BF620-EE8F-41C6-B981-7D342FD2EC3B}.Debug|x64.ActiveCfg = Debug|x64
		{AE0BF620-EE8F-41C6-B981-7D342FD2EC3B}.Debug|x64.Build.0 = Debug|x64
		{AE0BF620-EE8F-41C6-B981-7D342FD2EC3B}.Release|x64.ActiveCfg = Release|x64
		{AE0BF620-EE8F-41C6-B981-7D342FD2EC3B}.Release|x64.Build.0 = Release|x64
		{846AD7C7-DBAC-4185-8DEB-FCD51E0F10BB}.Debug|x64.ActiveCfg = Debug|x64
		{846AD7C7-DBAC-4185-8DEB-FCD51E0F10BB}.Debug|x64.Build.0 = Debug|x64
		{846AD7C7-DBAC-4185-8DEB-FCD51E0F10BB}.Release|x64.ActiveCfg = Release|x64
		{846AD7C7-DBAC-4185-8DEB-FCD51E0F10BB}.Release|x64.Build.0 = Release|x64
		{16A200EE-28EC-4F21-BC3E-6D55CC1C9326}.Debug|x64.ActiveCfg = Debug|x64
		{16A200EE-28EC-4F21-BC3E-6D55CC1C9326}.Debug|x64.Build.0 = Debug|x64
		{16A200EE-28EC-4F21-BC3E-6D55CC1C9326}.Release|x64.ActiveCfg = Release|x64
		{16A200EE-28EC-4F21-BC3E-6D55CC1C9326}.Release|x64.Build.0 = Release|x64
		{7F073083-EEC1-4AB9-8B4B-E68C944715A3}.Debug|x64.ActiveCfg = Debug|x64
		{7F073083-EEC1-4AB9-8B4B-E68C944715A3}.Debug|x64.Build.0 = Debug|x64
		{7F073083-EEC1-4AB9-8B4B-E68C944715A3}.Release|x64.ActiveCfg = Release|x64
		{7F073083-EEC1-4AB9-8B4B-E68C944715A3}.Release|x64.Build.0 = Release|x64
		{49898DC6-FF45-4CD7-84ED-DD92489ADB2D}.Debug|x64.ActiveCfg = Debug|x64
		{49898DC6-FF45-4CD7-84ED-DD92489ADB2D}.Debug|x64.Build.0 = Debug|x64
		{49898DC6-FF45-4CD7-84ED-DD92489ADB2D}.Release|x64.ActiveCfg = Release|x64
		{49898DC6-FF45-4CD7-84ED-DD92489ADB2D}.Release|x64.Build.0 = Release|x64
		{4315E45F-35BE-415C-B063-CB1E40028BAA}.Debug|x64.ActiveCfg = Debug|x64
		{4315E45F-35BE-415C-B063-CB1E40028BAA}.Debug|x64.Build.0 = Debug|x64
		{4315E45F-35BE-415C-B063-CB1E40028BAA}.Release|x64.ActiveCfg = Release|x64
		{4315E45F-35BE-415C-B063-CB1E40028BAA}.Release|x64.Build.0 = Release|x64
		{26B57ABD-D12E-45E7-9847-BBDCAD1779F7}.Debug|x64.ActiveCfg = Debug|x64
		{26B57ABD-D12E-45E7-9847-BBDCAD1779F7}.Debug|x64.Build.0 = Debug|x64
		{26B57ABD-D12E-45E7-9847-BBDCAD1779F7}.Release|x64.ActiveCfg = Release|x64
		{26B57ABD-D12E-45E7-9847-BBDCAD1779F7}.Release|x64.Build.0 = Release|x64
		{6F8E182B-BF60-49F6-8961-844AC116D399}.Debug|x64.ActiveCfg = Debug|x64
		{6F8E182B-BF60-49F6-8961-844AC116D399}.Debug|x64.Build.0 = Debug|x64
		{6F8E182B-BF60-49F6-8961-844AC116D399}.Release|x64.ActiveCfg = Release|x64
		{6F8E182B-BF60-49F6-8961-844AC116D399}.Release|x64.Build.0 = Release|x64
		{E3D82B94-87F0-4D2D-AB17-14AE963B5B86}.Debug|x64.ActiveCfg = Debug|x64
		{E3D82B94-87F0-4D2D-AB17-14AE963B5B86}.Debug|x64.Build.0 = Debug|x64
		{E3D82B94-87F0-4D2D-AB17-14AE963B5B86}.Release|x64.ActiveCfg = Release|x64
		{E3D82B94-87F0-4D2D-AB17-14AE963B5B86}.Release|x64.Build.0 = Release|x64
		{E19EFE49-A41D-4979-B0E2-20B4618E6A6C}.Debug|x64.ActiveCfg = Debug|x64
		{E19EFE49-A41D-4979-B0E2-20B4618E6A6C}.Debug|x64.Build.0 = Debug|x64
		{E19EFE49-A41D-4979-B0E2-20B4618E6A6C}.Release|x64.ActiveCfg = Release|x64
		{E19EFE49-A41D-4979-B0E2-20B4618E6A6C}.Release|x64.Build.0 = Release|x64
		{D3FE0C31-4247-47BB-AD06-A2DE9E3FFB96}.Debug|x64.ActiveCfg = Debug|x64
		{D3FE0C31-4247-47BB-AD06-A2DE9E3FFB96}.Debug|x64.Build.0 = Debug|x64
		{D3FE0C31-4247-47BB-AD06-A2DE9E3FFB96}.Release|x64.ActiveCfg = Release|x64
		{D3FE0C31-4247-47BB-AD06-A2DE9E3FFB96}.Release|x64.Build.0 = Release|x64
		{284E3272-FF0A-489A-89C1-A762F4E84E0C}.Debug|x64.ActiveCfg = Debug|x64
		{284E3272-FF0A-489A-89C1-A762F4E84E0C}.Debug|x64.Build.0 = Debug|x64
		{284E3272-FF0A-489A-89C1-A762F4E84E0C}.Release|x64.ActiveCfg = Release|x64
		{284E3272-FF0A-489A-89C1-A762F4E84E0C}.Release|x64.Build.0 = Release|x64
		{CCC5644C-967B-455E-BB05-3F6035E5BB73}.Debug|x64.ActiveCfg = Debug|x64
		{CCC5644C-967B-455E-BB05-3F6035E5BB73}.Debug|x64.Build.0 = Debug|x64
		{CCC5644C-967B-455E-BB05-3F6035E5BB73}.Release|x64.ActiveCfg = Release|x64
		{CCC5644C-967B-455E-BB05-3F6035E5BB73}.Release|x64.Build.0 = Release|x64
		{BED4B3ED-5072-4D4A-B4D5-BEC986101254}.Debug|x64.ActiveCfg = Debug|x64
		{BED4B3ED-5072-4D4A-B4D5-BEC986101254}.Debug|x64.Build.0 = Debug|x64
		{BED4B3ED-5072-4D4A-B4D5-BEC986101254}.Release|x64.ActiveCfg = Release|x64
		{BED4B3ED-5072-4D4A-B4D5-BEC986101254}.Release|x64.Build.0 = Release|x64
		{456CB7CB-E45D-427F-B072-DDB0BF7FED09}.Debug|x64.ActiveCfg = Debug|x64
		{456CB7CB-E45D-427F-B072-DDB0BF7FED09}.Debug|x64.Build.0 = Debug|x64
		{456CB7CB-E45D-427F-B072-DDB0BF7FED09}.Release|x64.ActiveCfg = Release|x64
		{456CB7CB-E45D-427F-B072-DDB0BF7FED09}.Release|x64.Build.0 = Release|x64
		{9D608412-EDB0-4010-8E90-7E45F0607CC4}.Debug|x64.ActiveCfg = Debug|x64
		{9D608412-EDB0-4010-8E90-7E45F0607CC4}.Debug|x64.Build.0 = Debug|x64
		{9D608412-EDB0-4010-8E90-7E45F0607CC4}.Release|x64.ActiveCfg = Release|x64
		{9D608412-EDB0-4010-8E90-7E45F0607CC4}.Release|x64.Build.0 = Release|x64
		{B7303E0E-BC1C-4AF6-B253-1B73F18E7C3F}.Debug|x64.ActiveCfg = Debug|x64
		{B7303E0E-BC1C-4AF6-B253-1B73F18E7C3F}.Debug|x64.Build.0 = Debug|x64
		{B7303E0E-BC1C-4AF6-B253-1B73F18E7C3F}.Release|x64.ActiveCfg = Release|x64
		{B7303E0E-BC1C-4AF6-B253-1B73F18E7C3F}.Release|x64.Build.0 = Release|x64
	EndGlobalSection
	GlobalSection(SolutionProperties) = preSolution
		HideSolutionNode = FALSE
	EndGlobalSection
	GlobalSection(NestedProjects) = preSolution
		{00177CBE-E05E-42BB-8155-BE5F82EAC285} = {6AF5FFB4-9230-437F-B802-E0122EB628D3}
		{4EBE3F89-1320-4565-8F28-C9B6AB9C0797} = {6AF5FFB4-9230-437F-B802-E0122EB628D3}
		{6F312ABD-BCA5-4F2D-A5CE-BACCE2A47EDE} = {6AF5FFB4-9230-437F-B802-E0122EB628D3}
		{AE0BF620-EE8F-41C6-B981-7D342FD2EC3B} = {6662A328-9321-4460-B32A-D8D20A42541C}
		{846AD7C7-DBAC-4185-8DEB-FCD51E0F10BB} = {6662A328-9321-4460-B32A-D8D20A42541C}
		{16A200EE-28EC-4F21-BC3E-6D55CC1C9326} = {6662A328-9321-4460-B32A-D8D20A42541C}
		{49898DC6-FF45-4CD7-84ED-DD92489ADB2D} = {6662A328-9321-4460-B32A-D8D20A42541C}
		{4315E45F-35BE-415C-B063-CB1E40028BAA} = {6662A328-9321-4460-B32A-D8D20A42541C}
		{26B57ABD-D12E-45E7-9847-BBDCAD1779F7} = {6662A328-9321-4460-B32A-D8D20A42541C}
		{6F8E182B-BF60-49F6-8961-844AC116D399} = {6662A328-9321-4460-B32A-D8D20A42541C}
		{E3D82B94-87F0-4D2D-AB17-14AE963B5B86} = {6662A328-9321-4460-B32A-D8D20A42541C}
		{E19EFE49-A41D-4979-B0E2-20B4618E6A6C} = {6662A328-9321-4460-B32A-D8D20A42541C}
		{D3FE0C31-4247-47BB-AD06-A2DE9E3FFB96} = {6662A328-9321-4460-B32A-D8D20A42541C}
		{284E3272-FF0A-489A-89C1-A762F4E84E0C} = {6662A328-9321-4460-B32A-D8D20A42541C}
		{CCC5644C-967B-455E-BB05-3F6035E5BB73} = {6662A328-9321-4460-B32A-D8D20A42541C}
		{BED4B3ED-5072-4D4A-B4D5-BEC986101254} = {6662A328-9321-4460-B32A-D8D20A42541C}
		{456CB7CB-E45D-427F-B072-DDB0BF7FED09} = {6662A328-9321-4460-B32A-D8D20A42541C}
	EndGlobalSection
	GlobalSection(ExtensibilityGlobals) = postSolution
		SolutionGuid = {2C1AE4EA-452B-4AFD-A6A6-98D4514E4441}
	EndGlobalSection
EndGlobal
