
Microsoft Visual Studio Solution File, Format Version 12.00
# Visual Studio Version 17
VisualStudioVersion = 17.4.33213.308
MinimumVisualStudioVersion = 10.0.40219.1
Project("{9A19103F-16F7-4668-BE54-9A1E7A4F7556}") = "VCClient", "VCClient\VCClient.csproj", "{08B98C3A-C054-464C-9594-F4EB7F7B2333}"
	ProjectSection(ProjectDependencies) = postProject
		{90C0CC4F-E7D1-4A68-801B-FA4BDFC4A55B} = {90C0CC4F-E7D1-4A68-801B-FA4BDFC4A55B}
		{EB8889AF-FD13-4D2E-8FFC-71FE18D237BB} = {EB8889AF-FD13-4D2E-8FFC-71FE18D237BB}
	EndProjectSection
EndProject
Project("{9A19103F-16F7-4668-BE54-9A1E7A4F7556}") = "VCConfigurator", "VCConfigurator\VCConfigurator.csproj", "{531B0C63-A397-4BC0-9BA3-6F35B440FDE4}"
EndProject
Project("{8BC9CEB8-8B4A-11D0-8D11-00A0C91BC942}") = "D435FrameProvider", "Devices\D435FrameProvider\D435FrameProvider.vcxproj", "{0AF4FDDC-71DE-4BA6-9543-D8D78AECD84D}"
EndProject
Project("{9A19103F-16F7-4668-BE54-9A1E7A4F7556}") = "FrameProviders.Local", "Devices\FrameProviders.Local\FrameProviders.Local.csproj", "{F9973DC5-0D7C-4805-A622-E99492CD3714}"
	ProjectSection(ProjectDependencies) = postProject
		{90C0CC4F-E7D1-4A68-801B-FA4BDFC4A55B} = {90C0CC4F-E7D1-4A68-801B-FA4BDFC4A55B}
		{0AF4FDDC-71DE-4BA6-9543-D8D78AECD84D} = {0AF4FDDC-71DE-4BA6-9543-D8D78AECD84D}
	EndProjectSection
EndProject
Project("{9A19103F-16F7-4668-BE54-9A1E7A4F7556}") = "Primitives", "Primitives\Primitives.csproj", "{90C0CC4F-E7D1-4A68-801B-FA4BDFC4A55B}"
EndProject
Project("{8BC9CEB8-8B4A-11D0-8D11-00A0C91BC942}") = "DepthMapProcessor", "DepthMapProcessor\DepthMapProcessor.vcxproj", "{EB8889AF-FD13-4D2E-8FFC-71FE18D237BB}"
EndProject
Project("{2150E333-8FDC-42A3-9474-1A3956D46DE8}") = "Tests", "Tests", "{6AF5FFB4-9230-437F-B802-E0122EB628D3}"
EndProject
Project("{8BC9CEB8-8B4A-11D0-8D11-00A0C91BC942}") = "DepthMapProcessorTests", "Tests\DepthMapProcessorTests\DepthMapProcessorTests.vcxproj", "{00177CBE-E05E-42BB-8155-BE5F82EAC285}"
	ProjectSection(ProjectDependencies) = postProject
		{EB8889AF-FD13-4D2E-8FFC-71FE18D237BB} = {EB8889AF-FD13-4D2E-8FFC-71FE18D237BB}
	EndProjectSection
EndProject
Project("{9A19103F-16F7-4668-BE54-9A1E7A4F7556}") = "VolumeCalculationRunner", "Tests\VolumeCalculationRunner\VolumeCalculationRunner.csproj", "{6F312ABD-BCA5-4F2D-A5CE-BACCE2A47EDE}"
EndProject
Project("{9A19103F-16F7-4668-BE54-9A1E7A4F7556}") = "DeviceIntegration", "DeviceIntegration\DeviceIntegration.csproj", "{508AFE7E-B27B-4245-8FE3-A04944678115}"
EndProject
Project("{9A19103F-16F7-4668-BE54-9A1E7A4F7556}") = "FrameProcessor", "FrameProcessor\FrameProcessor.csproj", "{B824300E-8FF0-4DD7-BD9D-1483E86025D4}"
EndProject
Project("{9A19103F-16F7-4668-BE54-9A1E7A4F7556}") = "ExtIntegration", "ExtIntegration\ExtIntegration.csproj", "{847C984F-67EB-4391-89C3-E70671DB5570}"
EndProject
Project("{2150E333-8FDC-42A3-9474-1A3956D46DE8}") = "Utils", "Utils", "{6662A328-9321-4460-B32A-D8D20A42541C}"
EndProject
Project("{9A19103F-16F7-4668-BE54-9A1E7A4F7556}") = "VersionWriter", "Utils\VersionWriter\VersionWriter.csproj", "{AE0BF620-EE8F-41C6-B981-7D342FD2EC3B}"
EndProject
Project("{9A19103F-16F7-4668-BE54-9A1E7A4F7556}") = "WmsEmulator", "Utils\WmsEmulator\WmsEmulator.csproj", "{16A200EE-28EC-4F21-BC3E-6D55CC1C9326}"
EndProject
Project("{9A19103F-16F7-4668-BE54-9A1E7A4F7556}") = "ProcessingUtils", "ProcessingUtils\ProcessingUtils.csproj", "{7F073083-EEC1-4AB9-8B4B-E68C944715A3}"
EndProject
Project("{9A19103F-16F7-4668-BE54-9A1E7A4F7556}") = "ComTestApp", "Utils\ComTestApp\ComTestApp.csproj", "{49898DC6-FF45-4CD7-84ED-DD92489ADB2D}"
EndProject
Project("{9A19103F-16F7-4668-BE54-9A1E7A4F7556}") = "DmConverter", "Utils\DmConverter\DmConverter.csproj", "{4315E45F-35BE-415C-B063-CB1E40028BAA}"
EndProject
Project("{9A19103F-16F7-4668-BE54-9A1E7A4F7556}") = "FTPSender", "Utils\FTPSender\FTPSender.csproj", "{26B57ABD-D12E-45E7-9847-BBDCAD1779F7}"
EndProject
Project("{9A19103F-16F7-4668-BE54-9A1E7A4F7556}") = "HttpListenerApp", "Utils\HttpListenerApp\HttpListenerApp.csproj", "{6F8E182B-BF60-49F6-8961-844AC116D399}"
EndProject
Project("{9A19103F-16F7-4668-BE54-9A1E7A4F7556}") = "WebSocketHandler", "Utils\WebSocketHandler\WebSocketHandler.csproj", "{E19EFE49-A41D-4979-B0E2-20B4618E6A6C}"
EndProject
Project("{9A19103F-16F7-4668-BE54-9A1E7A4F7556}") = "HttpService", "Utils\HttpService\HttpService.csproj", "{D3FE0C31-4247-47BB-AD06-A2DE9E3FFB96}"
EndProject
Project("{9A19103F-16F7-4668-BE54-9A1E7A4F7556}") = "KeyboardHookTest", "Utils\KeyboardHookTest\KeyboardHookTest.csproj", "{284E3272-FF0A-489A-89C1-A762F4E84E0C}"
EndProject
Project("{9A19103F-16F7-4668-BE54-9A1E7A4F7556}") = "IpCameraTest", "Utils\IpCameraTest\IpCameraTest.csproj", "{BED4B3ED-5072-4D4A-B4D5-BEC986101254}"
EndProject
Project("{9A19103F-16F7-4668-BE54-9A1E7A4F7556}") = "SqlSender", "Utils\SqlSender\SqlSender.csproj", "{456CB7CB-E45D-427F-B072-DDB0BF7FED09}"
EndProject
Project("{9A19103F-16F7-4668-BE54-9A1E7A4F7556}") = "GuiCommon", "GuiCommon\GuiCommon.csproj", "{9D608412-EDB0-4010-8E90-7E45F0607CC4}"
EndProject
Project("{9A19103F-16F7-4668-BE54-9A1E7A4F7556}") = "VCServer", "VCServer\VCServer.csproj", "{B7303E0E-BC1C-4AF6-B253-1B73F18E7C3F}"
EndProject
Project("{9A19103F-16F7-4668-BE54-9A1E7A4F7556}") = "VolumeCalculatorTests", "Tests\VolumeCalculatorTests\VolumeCalculatorTests.csproj", "{F3FE15EF-C78A-4F5D-B863-FAE0A117173D}"
EndProject
Project("{2150E333-8FDC-42A3-9474-1A3956D46DE8}") = "Devices", "Devices", "{2A7E130C-1235-49EC-A763-5F4BC8EBC332}"
EndProject
Project("{9A19103F-16F7-4668-BE54-9A1E7A4F7556}") = "FrameProviders.Kinect", "Devices\FrameProviders.Kinect\FrameProviders.Kinect.csproj", "{E361B5DF-E141-4F2E-94DF-4B02F57BFEEB}"
EndProject
Project("{9A19103F-16F7-4668-BE54-9A1E7A4F7556}") = "FrameProviders.D435", "Devices\FrameProviders.D435\FrameProviders.D435.csproj", "{63E68530-C823-40D1-8783-E0E6C09914D0}"
EndProject
Project("{9A19103F-16F7-4668-BE54-9A1E7A4F7556}") = "BarcodeScanners", "Devices\BarcodeScanners\BarcodeScanners.csproj", "{68AB9710-4868-4BFA-8243-5F2EC2D00F4A}"
EndProject
Project("{9A19103F-16F7-4668-BE54-9A1E7A4F7556}") = "Scales", "Devices\Scales\Scales.csproj", "{7AB63C39-4C48-4106-A2EC-35DFAA408B60}"
EndProject
Project("{9A19103F-16F7-4668-BE54-9A1E7A4F7556}") = "RangeMeters", "Devices\RangeMeters\RangeMeters.csproj", "{CACCBA42-1B74-4CFE-943B-F1B5801C0E74}"
EndProject
Project("{9A19103F-16F7-4668-BE54-9A1E7A4F7556}") = "IoCircuits", "Devices\IoCircuits\IoCircuits.csproj", "{BE5DC637-1AA8-4BCC-9BC5-67958A79DAA1}"
EndProject
Project("{9A19103F-16F7-4668-BE54-9A1E7A4F7556}") = "IpCameras", "Devices\IpCameras\IpCameras.csproj", "{75099459-BA46-4A49-A112-8BD090C1CC6C}"
EndProject
Project("{9A19103F-16F7-4668-BE54-9A1E7A4F7556}") = "CommonUtils", "CommonUtils\CommonUtils.csproj", "{299084BF-3FAA-44A5-98A9-DC8811713C37}"
EndProject
Project("{9A19103F-16F7-4668-BE54-9A1E7A4F7556}") = "BenchmarkApp", "Utils\BenchmarkApp\BenchmarkApp.csproj", "{44F1EAEC-F6FC-4839-8805-138401251E5D}"
EndProject
Global
	GlobalSection(SolutionConfigurationPlatforms) = preSolution
		Debug|Any CPU = Debug|Any CPU
		Release|Any CPU = Release|Any CPU
	EndGlobalSection
	GlobalSection(ProjectConfigurationPlatforms) = postSolution
		{08B98C3A-C054-464C-9594-F4EB7F7B2333}.Debug|Any CPU.ActiveCfg = Debug|Any CPU
		{08B98C3A-C054-464C-9594-F4EB7F7B2333}.Debug|Any CPU.Build.0 = Debug|Any CPU
		{08B98C3A-C054-464C-9594-F4EB7F7B2333}.Release|Any CPU.ActiveCfg = Release|Any CPU
		{08B98C3A-C054-464C-9594-F4EB7F7B2333}.Release|Any CPU.Build.0 = Release|Any CPU
		{531B0C63-A397-4BC0-9BA3-6F35B440FDE4}.Debug|Any CPU.ActiveCfg = Debug|Any CPU
		{531B0C63-A397-4BC0-9BA3-6F35B440FDE4}.Debug|Any CPU.Build.0 = Debug|Any CPU
		{531B0C63-A397-4BC0-9BA3-6F35B440FDE4}.Release|Any CPU.ActiveCfg = Release|Any CPU
		{531B0C63-A397-4BC0-9BA3-6F35B440FDE4}.Release|Any CPU.Build.0 = Release|Any CPU
		{0AF4FDDC-71DE-4BA6-9543-D8D78AECD84D}.Debug|Any CPU.ActiveCfg = Debug|x64
		{0AF4FDDC-71DE-4BA6-9543-D8D78AECD84D}.Debug|Any CPU.Build.0 = Debug|x64
		{0AF4FDDC-71DE-4BA6-9543-D8D78AECD84D}.Release|Any CPU.ActiveCfg = Release|x64
		{0AF4FDDC-71DE-4BA6-9543-D8D78AECD84D}.Release|Any CPU.Build.0 = Release|x64
		{F9973DC5-0D7C-4805-A622-E99492CD3714}.Debug|Any CPU.ActiveCfg = Debug|Any CPU
		{F9973DC5-0D7C-4805-A622-E99492CD3714}.Debug|Any CPU.Build.0 = Debug|Any CPU
		{F9973DC5-0D7C-4805-A622-E99492CD3714}.Release|Any CPU.ActiveCfg = Release|Any CPU
		{F9973DC5-0D7C-4805-A622-E99492CD3714}.Release|Any CPU.Build.0 = Release|Any CPU
		{90C0CC4F-E7D1-4A68-801B-FA4BDFC4A55B}.Debug|Any CPU.ActiveCfg = Debug|Any CPU
		{90C0CC4F-E7D1-4A68-801B-FA4BDFC4A55B}.Debug|Any CPU.Build.0 = Debug|Any CPU
		{90C0CC4F-E7D1-4A68-801B-FA4BDFC4A55B}.Release|Any CPU.ActiveCfg = Release|Any CPU
		{90C0CC4F-E7D1-4A68-801B-FA4BDFC4A55B}.Release|Any CPU.Build.0 = Release|Any CPU
		{EB8889AF-FD13-4D2E-8FFC-71FE18D237BB}.Debug|Any CPU.ActiveCfg = Debug|x64
		{EB8889AF-FD13-4D2E-8FFC-71FE18D237BB}.Debug|Any CPU.Build.0 = Debug|x64
		{EB8889AF-FD13-4D2E-8FFC-71FE18D237BB}.Release|Any CPU.ActiveCfg = Release|x64
		{EB8889AF-FD13-4D2E-8FFC-71FE18D237BB}.Release|Any CPU.Build.0 = Release|x64
		{00177CBE-E05E-42BB-8155-BE5F82EAC285}.Debug|Any CPU.ActiveCfg = Debug|x64
		{00177CBE-E05E-42BB-8155-BE5F82EAC285}.Debug|Any CPU.Build.0 = Debug|x64
		{00177CBE-E05E-42BB-8155-BE5F82EAC285}.Release|Any CPU.ActiveCfg = Release|x64
		{6F312ABD-BCA5-4F2D-A5CE-BACCE2A47EDE}.Debug|Any CPU.ActiveCfg = Debug|Any CPU
		{6F312ABD-BCA5-4F2D-A5CE-BACCE2A47EDE}.Debug|Any CPU.Build.0 = Debug|Any CPU
		{6F312ABD-BCA5-4F2D-A5CE-BACCE2A47EDE}.Release|Any CPU.ActiveCfg = Release|Any CPU
		{6F312ABD-BCA5-4F2D-A5CE-BACCE2A47EDE}.Release|Any CPU.Build.0 = Release|Any CPU
		{508AFE7E-B27B-4245-8FE3-A04944678115}.Debug|Any CPU.ActiveCfg = Debug|Any CPU
		{508AFE7E-B27B-4245-8FE3-A04944678115}.Debug|Any CPU.Build.0 = Debug|Any CPU
		{508AFE7E-B27B-4245-8FE3-A04944678115}.Release|Any CPU.ActiveCfg = Release|Any CPU
		{508AFE7E-B27B-4245-8FE3-A04944678115}.Release|Any CPU.Build.0 = Release|Any CPU
		{B824300E-8FF0-4DD7-BD9D-1483E86025D4}.Debug|Any CPU.ActiveCfg = Debug|Any CPU
		{B824300E-8FF0-4DD7-BD9D-1483E86025D4}.Debug|Any CPU.Build.0 = Debug|Any CPU
		{B824300E-8FF0-4DD7-BD9D-1483E86025D4}.Release|Any CPU.ActiveCfg = Release|Any CPU
		{B824300E-8FF0-4DD7-BD9D-1483E86025D4}.Release|Any CPU.Build.0 = Release|Any CPU
		{847C984F-67EB-4391-89C3-E70671DB5570}.Debug|Any CPU.ActiveCfg = Debug|Any CPU
		{847C984F-67EB-4391-89C3-E70671DB5570}.Debug|Any CPU.Build.0 = Debug|Any CPU
		{847C984F-67EB-4391-89C3-E70671DB5570}.Release|Any CPU.ActiveCfg = Release|Any CPU
		{847C984F-67EB-4391-89C3-E70671DB5570}.Release|Any CPU.Build.0 = Release|Any CPU
		{AE0BF620-EE8F-41C6-B981-7D342FD2EC3B}.Debug|Any CPU.ActiveCfg = Debug|Any CPU
		{AE0BF620-EE8F-41C6-B981-7D342FD2EC3B}.Debug|Any CPU.Build.0 = Debug|Any CPU
		{AE0BF620-EE8F-41C6-B981-7D342FD2EC3B}.Release|Any CPU.ActiveCfg = Release|Any CPU
		{AE0BF620-EE8F-41C6-B981-7D342FD2EC3B}.Release|Any CPU.Build.0 = Release|Any CPU
		{16A200EE-28EC-4F21-BC3E-6D55CC1C9326}.Debug|Any CPU.ActiveCfg = Debug|Any CPU
		{16A200EE-28EC-4F21-BC3E-6D55CC1C9326}.Debug|Any CPU.Build.0 = Debug|Any CPU
		{16A200EE-28EC-4F21-BC3E-6D55CC1C9326}.Release|Any CPU.ActiveCfg = Release|Any CPU
		{7F073083-EEC1-4AB9-8B4B-E68C944715A3}.Debug|Any CPU.ActiveCfg = Debug|Any CPU
		{7F073083-EEC1-4AB9-8B4B-E68C944715A3}.Debug|Any CPU.Build.0 = Debug|Any CPU
		{7F073083-EEC1-4AB9-8B4B-E68C944715A3}.Release|Any CPU.ActiveCfg = Release|Any CPU
		{7F073083-EEC1-4AB9-8B4B-E68C944715A3}.Release|Any CPU.Build.0 = Release|Any CPU
		{49898DC6-FF45-4CD7-84ED-DD92489ADB2D}.Debug|Any CPU.ActiveCfg = Debug|Any CPU
		{49898DC6-FF45-4CD7-84ED-DD92489ADB2D}.Debug|Any CPU.Build.0 = Debug|Any CPU
		{49898DC6-FF45-4CD7-84ED-DD92489ADB2D}.Release|Any CPU.ActiveCfg = Release|Any CPU
		{4315E45F-35BE-415C-B063-CB1E40028BAA}.Debug|Any CPU.ActiveCfg = Debug|Any CPU
		{4315E45F-35BE-415C-B063-CB1E40028BAA}.Debug|Any CPU.Build.0 = Debug|Any CPU
		{4315E45F-35BE-415C-B063-CB1E40028BAA}.Release|Any CPU.ActiveCfg = Release|Any CPU
		{4315E45F-35BE-415C-B063-CB1E40028BAA}.Release|Any CPU.Build.0 = Release|Any CPU
		{26B57ABD-D12E-45E7-9847-BBDCAD1779F7}.Debug|Any CPU.ActiveCfg = Debug|Any CPU
		{26B57ABD-D12E-45E7-9847-BBDCAD1779F7}.Debug|Any CPU.Build.0 = Debug|Any CPU
		{26B57ABD-D12E-45E7-9847-BBDCAD1779F7}.Release|Any CPU.ActiveCfg = Release|Any CPU
		{6F8E182B-BF60-49F6-8961-844AC116D399}.Debug|Any CPU.ActiveCfg = Debug|Any CPU
		{6F8E182B-BF60-49F6-8961-844AC116D399}.Debug|Any CPU.Build.0 = Debug|Any CPU
		{6F8E182B-BF60-49F6-8961-844AC116D399}.Release|Any CPU.ActiveCfg = Release|Any CPU
		{E19EFE49-A41D-4979-B0E2-20B4618E6A6C}.Debug|Any CPU.ActiveCfg = Debug|Any CPU
		{E19EFE49-A41D-4979-B0E2-20B4618E6A6C}.Debug|Any CPU.Build.0 = Debug|Any CPU
		{E19EFE49-A41D-4979-B0E2-20B4618E6A6C}.Release|Any CPU.ActiveCfg = Release|Any CPU
		{D3FE0C31-4247-47BB-AD06-A2DE9E3FFB96}.Debug|Any CPU.ActiveCfg = Debug|Any CPU
		{D3FE0C31-4247-47BB-AD06-A2DE9E3FFB96}.Debug|Any CPU.Build.0 = Debug|Any CPU
		{D3FE0C31-4247-47BB-AD06-A2DE9E3FFB96}.Release|Any CPU.ActiveCfg = Release|Any CPU
		{284E3272-FF0A-489A-89C1-A762F4E84E0C}.Debug|Any CPU.ActiveCfg = Debug|Any CPU
		{284E3272-FF0A-489A-89C1-A762F4E84E0C}.Debug|Any CPU.Build.0 = Debug|Any CPU
		{284E3272-FF0A-489A-89C1-A762F4E84E0C}.Release|Any CPU.ActiveCfg = Release|Any CPU
		{BED4B3ED-5072-4D4A-B4D5-BEC986101254}.Debug|Any CPU.ActiveCfg = Debug|Any CPU
		{BED4B3ED-5072-4D4A-B4D5-BEC986101254}.Debug|Any CPU.Build.0 = Debug|Any CPU
		{BED4B3ED-5072-4D4A-B4D5-BEC986101254}.Release|Any CPU.ActiveCfg = Release|Any CPU
		{BED4B3ED-5072-4D4A-B4D5-BEC986101254}.Release|Any CPU.Build.0 = Release|Any CPU
		{456CB7CB-E45D-427F-B072-DDB0BF7FED09}.Debug|Any CPU.ActiveCfg = Debug|Any CPU
		{456CB7CB-E45D-427F-B072-DDB0BF7FED09}.Debug|Any CPU.Build.0 = Debug|Any CPU
		{456CB7CB-E45D-427F-B072-DDB0BF7FED09}.Release|Any CPU.ActiveCfg = Release|Any CPU
		{9D608412-EDB0-4010-8E90-7E45F0607CC4}.Debug|Any CPU.ActiveCfg = Debug|Any CPU
		{9D608412-EDB0-4010-8E90-7E45F0607CC4}.Debug|Any CPU.Build.0 = Debug|Any CPU
		{9D608412-EDB0-4010-8E90-7E45F0607CC4}.Release|Any CPU.ActiveCfg = Release|Any CPU
		{9D608412-EDB0-4010-8E90-7E45F0607CC4}.Release|Any CPU.Build.0 = Release|Any CPU
		{B7303E0E-BC1C-4AF6-B253-1B73F18E7C3F}.Debug|Any CPU.ActiveCfg = Debug|Any CPU
		{B7303E0E-BC1C-4AF6-B253-1B73F18E7C3F}.Debug|Any CPU.Build.0 = Debug|Any CPU
		{B7303E0E-BC1C-4AF6-B253-1B73F18E7C3F}.Release|Any CPU.ActiveCfg = Release|Any CPU
		{B7303E0E-BC1C-4AF6-B253-1B73F18E7C3F}.Release|Any CPU.Build.0 = Release|Any CPU
		{F3FE15EF-C78A-4F5D-B863-FAE0A117173D}.Debug|Any CPU.ActiveCfg = Debug|Any CPU
		{F3FE15EF-C78A-4F5D-B863-FAE0A117173D}.Debug|Any CPU.Build.0 = Debug|Any CPU
		{F3FE15EF-C78A-4F5D-B863-FAE0A117173D}.Release|Any CPU.ActiveCfg = Release|Any CPU
		{F3FE15EF-C78A-4F5D-B863-FAE0A117173D}.Release|Any CPU.Build.0 = Release|Any CPU
		{E361B5DF-E141-4F2E-94DF-4B02F57BFEEB}.Debug|Any CPU.ActiveCfg = Debug|Any CPU
		{E361B5DF-E141-4F2E-94DF-4B02F57BFEEB}.Debug|Any CPU.Build.0 = Debug|Any CPU
		{E361B5DF-E141-4F2E-94DF-4B02F57BFEEB}.Release|Any CPU.ActiveCfg = Release|Any CPU
		{E361B5DF-E141-4F2E-94DF-4B02F57BFEEB}.Release|Any CPU.Build.0 = Release|Any CPU
		{63E68530-C823-40D1-8783-E0E6C09914D0}.Debug|Any CPU.ActiveCfg = Debug|Any CPU
		{63E68530-C823-40D1-8783-E0E6C09914D0}.Debug|Any CPU.Build.0 = Debug|Any CPU
		{63E68530-C823-40D1-8783-E0E6C09914D0}.Release|Any CPU.ActiveCfg = Release|Any CPU
		{63E68530-C823-40D1-8783-E0E6C09914D0}.Release|Any CPU.Build.0 = Release|Any CPU
		{68AB9710-4868-4BFA-8243-5F2EC2D00F4A}.Debug|Any CPU.ActiveCfg = Debug|Any CPU
		{68AB9710-4868-4BFA-8243-5F2EC2D00F4A}.Debug|Any CPU.Build.0 = Debug|Any CPU
		{68AB9710-4868-4BFA-8243-5F2EC2D00F4A}.Release|Any CPU.ActiveCfg = Release|Any CPU
		{68AB9710-4868-4BFA-8243-5F2EC2D00F4A}.Release|Any CPU.Build.0 = Release|Any CPU
		{7AB63C39-4C48-4106-A2EC-35DFAA408B60}.Debug|Any CPU.ActiveCfg = Debug|Any CPU
		{7AB63C39-4C48-4106-A2EC-35DFAA408B60}.Debug|Any CPU.Build.0 = Debug|Any CPU
		{7AB63C39-4C48-4106-A2EC-35DFAA408B60}.Release|Any CPU.ActiveCfg = Release|Any CPU
		{7AB63C39-4C48-4106-A2EC-35DFAA408B60}.Release|Any CPU.Build.0 = Release|Any CPU
		{CACCBA42-1B74-4CFE-943B-F1B5801C0E74}.Debug|Any CPU.ActiveCfg = Debug|Any CPU
		{CACCBA42-1B74-4CFE-943B-F1B5801C0E74}.Debug|Any CPU.Build.0 = Debug|Any CPU
		{CACCBA42-1B74-4CFE-943B-F1B5801C0E74}.Release|Any CPU.ActiveCfg = Release|Any CPU
		{CACCBA42-1B74-4CFE-943B-F1B5801C0E74}.Release|Any CPU.Build.0 = Release|Any CPU
		{BE5DC637-1AA8-4BCC-9BC5-67958A79DAA1}.Debug|Any CPU.ActiveCfg = Debug|Any CPU
		{BE5DC637-1AA8-4BCC-9BC5-67958A79DAA1}.Debug|Any CPU.Build.0 = Debug|Any CPU
		{BE5DC637-1AA8-4BCC-9BC5-67958A79DAA1}.Release|Any CPU.ActiveCfg = Release|Any CPU
		{BE5DC637-1AA8-4BCC-9BC5-67958A79DAA1}.Release|Any CPU.Build.0 = Release|Any CPU
		{75099459-BA46-4A49-A112-8BD090C1CC6C}.Debug|Any CPU.ActiveCfg = Debug|Any CPU
		{75099459-BA46-4A49-A112-8BD090C1CC6C}.Debug|Any CPU.Build.0 = Debug|Any CPU
		{75099459-BA46-4A49-A112-8BD090C1CC6C}.Release|Any CPU.ActiveCfg = Release|Any CPU
		{75099459-BA46-4A49-A112-8BD090C1CC6C}.Release|Any CPU.Build.0 = Release|Any CPU
		{299084BF-3FAA-44A5-98A9-DC8811713C37}.Debug|Any CPU.ActiveCfg = Debug|Any CPU
		{299084BF-3FAA-44A5-98A9-DC8811713C37}.Debug|Any CPU.Build.0 = Debug|Any CPU
		{299084BF-3FAA-44A5-98A9-DC8811713C37}.Release|Any CPU.ActiveCfg = Release|Any CPU
		{299084BF-3FAA-44A5-98A9-DC8811713C37}.Release|Any CPU.Build.0 = Release|Any CPU
		{44F1EAEC-F6FC-4839-8805-138401251E5D}.Debug|Any CPU.ActiveCfg = Debug|Any CPU
		{44F1EAEC-F6FC-4839-8805-138401251E5D}.Debug|Any CPU.Build.0 = Debug|Any CPU
		{44F1EAEC-F6FC-4839-8805-138401251E5D}.Release|Any CPU.ActiveCfg = Release|Any CPU
		{44F1EAEC-F6FC-4839-8805-138401251E5D}.Release|Any CPU.Build.0 = Release|Any CPU
	EndGlobalSection
	GlobalSection(SolutionProperties) = preSolution
		HideSolutionNode = FALSE
	EndGlobalSection
	GlobalSection(NestedProjects) = preSolution
		{0AF4FDDC-71DE-4BA6-9543-D8D78AECD84D} = {2A7E130C-1235-49EC-A763-5F4BC8EBC332}
		{F9973DC5-0D7C-4805-A622-E99492CD3714} = {2A7E130C-1235-49EC-A763-5F4BC8EBC332}
		{00177CBE-E05E-42BB-8155-BE5F82EAC285} = {6AF5FFB4-9230-437F-B802-E0122EB628D3}
		{6F312ABD-BCA5-4F2D-A5CE-BACCE2A47EDE} = {6AF5FFB4-9230-437F-B802-E0122EB628D3}
		{AE0BF620-EE8F-41C6-B981-7D342FD2EC3B} = {6662A328-9321-4460-B32A-D8D20A42541C}
		{16A200EE-28EC-4F21-BC3E-6D55CC1C9326} = {6662A328-9321-4460-B32A-D8D20A42541C}
		{49898DC6-FF45-4CD7-84ED-DD92489ADB2D} = {6662A328-9321-4460-B32A-D8D20A42541C}
		{4315E45F-35BE-415C-B063-CB1E40028BAA} = {6662A328-9321-4460-B32A-D8D20A42541C}
		{26B57ABD-D12E-45E7-9847-BBDCAD1779F7} = {6662A328-9321-4460-B32A-D8D20A42541C}
		{6F8E182B-BF60-49F6-8961-844AC116D399} = {6662A328-9321-4460-B32A-D8D20A42541C}
		{E19EFE49-A41D-4979-B0E2-20B4618E6A6C} = {6662A328-9321-4460-B32A-D8D20A42541C}
		{D3FE0C31-4247-47BB-AD06-A2DE9E3FFB96} = {6662A328-9321-4460-B32A-D8D20A42541C}
		{284E3272-FF0A-489A-89C1-A762F4E84E0C} = {6662A328-9321-4460-B32A-D8D20A42541C}
		{BED4B3ED-5072-4D4A-B4D5-BEC986101254} = {6662A328-9321-4460-B32A-D8D20A42541C}
		{456CB7CB-E45D-427F-B072-DDB0BF7FED09} = {6662A328-9321-4460-B32A-D8D20A42541C}
		{F3FE15EF-C78A-4F5D-B863-FAE0A117173D} = {6AF5FFB4-9230-437F-B802-E0122EB628D3}
		{E361B5DF-E141-4F2E-94DF-4B02F57BFEEB} = {2A7E130C-1235-49EC-A763-5F4BC8EBC332}
		{63E68530-C823-40D1-8783-E0E6C09914D0} = {2A7E130C-1235-49EC-A763-5F4BC8EBC332}
		{68AB9710-4868-4BFA-8243-5F2EC2D00F4A} = {2A7E130C-1235-49EC-A763-5F4BC8EBC332}
		{7AB63C39-4C48-4106-A2EC-35DFAA408B60} = {2A7E130C-1235-49EC-A763-5F4BC8EBC332}
		{CACCBA42-1B74-4CFE-943B-F1B5801C0E74} = {2A7E130C-1235-49EC-A763-5F4BC8EBC332}
		{BE5DC637-1AA8-4BCC-9BC5-67958A79DAA1} = {2A7E130C-1235-49EC-A763-5F4BC8EBC332}
		{75099459-BA46-4A49-A112-8BD090C1CC6C} = {2A7E130C-1235-49EC-A763-5F4BC8EBC332}
		{44F1EAEC-F6FC-4839-8805-138401251E5D} = {6662A328-9321-4460-B32A-D8D20A42541C}
	EndGlobalSection
	GlobalSection(ExtensibilityGlobals) = postSolution
		SolutionGuid = {2C1AE4EA-452B-4AFD-A6A6-98D4514E4441}
	EndGlobalSection
EndGlobal
